
Microsoft Visual Studio Solution File, Format Version 12.00
# Visual Studio Version 16
VisualStudioVersion = 16.0.29905.134
MinimumVisualStudioVersion = 10.0.40219.1
Project("{9A19103F-16F7-4668-BE54-9A1E7A4F7556}") = "NetCoreSamples5", "NetCoreSamples5.csproj", "{F655C28A-7C6C-428D-B3C5-DC05DDE88D45}"
EndProject
Global
	GlobalSection(SolutionConfigurationPlatforms) = preSolution
		Debug|Any CPU = Debug|Any CPU
		Release|Any CPU = Release|Any CPU
	EndGlobalSection
	GlobalSection(ProjectConfigurationPlatforms) = postSolution
		{F655C28A-7C6C-428D-B3C5-DC05DDE88D45}.Debug|Any CPU.ActiveCfg = Debug|Any CPU
		{F655C28A-7C6C-428D-B3C5-DC05DDE88D45}.Debug|Any CPU.Build.0 = Debug|Any CPU
		{F655C28A-7C6C-428D-B3C5-DC05DDE88D45}.Release|Any CPU.ActiveCfg = Release|Any CPU
		{F655C28A-7C6C-428D-B3C5-DC05DDE88D45}.Release|Any CPU.Build.0 = Release|Any CPU
	EndGlobalSection
	GlobalSection(SolutionProperties) = preSolution
		HideSolutionNode = FALSE
	EndGlobalSection
	GlobalSection(ExtensibilityGlobals) = postSolution
		SolutionGuid = {31AD3F9C-EB14-4B48-8393-B7B8CF14C775}
	EndGlobalSection
EndGlobal
